
Microsoft Visual Studio Solution File, Format Version 12.00
# Visual Studio Version 17
VisualStudioVersion = 17.7.34024.191
MinimumVisualStudioVersion = 10.0.40219.1
Project("{FAE04EC0-301F-11D3-BF4B-00C04F79EFBC}") = "App1.Android", "App1.Android\App1.Android.csproj", "{6429F0A4-F38F-49A9-A470-57E7F8B35358}"
EndProject
Project("{FAE04EC0-301F-11D3-BF4B-00C04F79EFBC}") = "App1", "App1\App1.csproj", "{DBFB9E6E-D3DB-46FF-9D2D-149D41FC351C}"
EndProject
Global
	GlobalSection(SolutionConfigurationPlatforms) = preSolution
		Debug|Any CPU = Debug|Any CPU
		Release|Any CPU = Release|Any CPU
	EndGlobalSection
	GlobalSection(ProjectConfigurationPlatforms) = postSolution
		{6429F0A4-F38F-49A9-A470-57E7F8B35358}.Debug|Any CPU.ActiveCfg = Debug|Any CPU
		{6429F0A4-F38F-49A9-A470-57E7F8B35358}.Debug|Any CPU.Build.0 = Debug|Any CPU
		{6429F0A4-F38F-49A9-A470-57E7F8B35358}.Debug|Any CPU.Deploy.0 = Debug|Any CPU
		{6429F0A4-F38F-49A9-A470-57E7F8B35358}.Release|Any CPU.ActiveCfg = Release|Any CPU
		{6429F0A4-F38F-49A9-A470-57E7F8B35358}.Release|Any CPU.Build.0 = Release|Any CPU
		{6429F0A4-F38F-49A9-A470-57E7F8B35358}.Release|Any CPU.Deploy.0 = Release|Any CPU
		{DBFB9E6E-D3DB-46FF-9D2D-149D41FC351C}.Debug|Any CPU.ActiveCfg = Debug|Any CPU
		{DBFB9E6E-D3DB-46FF-9D2D-149D41FC351C}.Debug|Any CPU.Build.0 = Debug|Any CPU
		{DBFB9E6E-D3DB-46FF-9D2D-149D41FC351C}.Debug|Any CPU.Deploy.0 = Debug|Any CPU
		{DBFB9E6E-D3DB-46FF-9D2D-149D41FC351C}.Release|Any CPU.ActiveCfg = Release|Any CPU
		{DBFB9E6E-D3DB-46FF-9D2D-149D41FC351C}.Release|Any CPU.Build.0 = Release|Any CPU
		{DBFB9E6E-D3DB-46FF-9D2D-149D41FC351C}.Release|Any CPU.Deploy.0 = Release|Any CPU
	EndGlobalSection
	GlobalSection(SolutionProperties) = preSolution
		HideSolutionNode = FALSE
	EndGlobalSection
	GlobalSection(ExtensibilityGlobals) = postSolution
		SolutionGuid = {FD9B2F5F-B7A9-49DD-BC4A-B6BE013A1A65}
	EndGlobalSection
EndGlobal
